
Microsoft Visual Studio Solution File, Format Version 12.00
# Visual Studio Version 17
VisualStudioVersion = 17.3.32901.215
MinimumVisualStudioVersion = 10.0.40219.1
Project("{FAE04EC0-301F-11D3-BF4B-00C04F79EFBC}") = "Exer07", "Exer07\Exer07.csproj", "{41B002F1-CCC3-4ACD-AD03-EF3D9110768C}"
EndProject
Project("{2150E333-8FDC-42A3-9474-1A3956D46DE8}") = "Solution Items", "Solution Items", "{01C37CD1-B35D-48F8-A9B3-D2897802C803}"
	ProjectSection(SolutionItems) = preProject
		.editorconfig = .editorconfig
	EndProjectSection
EndProject
Global
	GlobalSection(SolutionConfigurationPlatforms) = preSolution
		Debug|Any CPU = Debug|Any CPU
		Release|Any CPU = Release|Any CPU
	EndGlobalSection
	GlobalSection(ProjectConfigurationPlatforms) = postSolution
		{41B002F1-CCC3-4ACD-AD03-EF3D9110768C}.Debug|Any CPU.ActiveCfg = Debug|Any CPU
		{41B002F1-CCC3-4ACD-AD03-EF3D9110768C}.Debug|Any CPU.Build.0 = Debug|Any CPU
		{41B002F1-CCC3-4ACD-AD03-EF3D9110768C}.Release|Any CPU.ActiveCfg = Release|Any CPU
		{41B002F1-CCC3-4ACD-AD03-EF3D9110768C}.Release|Any CPU.Build.0 = Release|Any CPU
	EndGlobalSection
	GlobalSection(SolutionProperties) = preSolution
		HideSolutionNode = FALSE
	EndGlobalSection
	GlobalSection(ExtensibilityGlobals) = postSolution
		SolutionGuid = {A08F2C09-91EF-49B4-9FD8-8FB156EA4B99}
	EndGlobalSection
EndGlobal
